
Microsoft Visual Studio Solution File, Format Version 12.00
# Visual Studio Version 17
VisualStudioVersion = 17.3.32929.385
MinimumVisualStudioVersion = 10.0.40219.1
Project("{FAE04EC0-301F-11D3-BF4B-00C04F79EFBC}") = "GSEditor", "GSEditor\GSEditor.csproj", "{75CE283A-AF22-4AE9-B60E-C1EFE0FDB30C}"
EndProject
Global
	GlobalSection(SolutionConfigurationPlatforms) = preSolution
		Debug|Any CPU = Debug|Any CPU
		Release|Any CPU = Release|Any CPU
	EndGlobalSection
	GlobalSection(ProjectConfigurationPlatforms) = postSolution
		{75CE283A-AF22-4AE9-B60E-C1EFE0FDB30C}.Debug|Any CPU.ActiveCfg = Debug|Any CPU
		{75CE283A-AF22-4AE9-B60E-C1EFE0FDB30C}.Debug|Any CPU.Build.0 = Debug|Any CPU
		{75CE283A-AF22-4AE9-B60E-C1EFE0FDB30C}.Release|Any CPU.ActiveCfg = Release|Any CPU
		{75CE283A-AF22-4AE9-B60E-C1EFE0FDB30C}.Release|Any CPU.Build.0 = Release|Any CPU
	EndGlobalSection
	GlobalSection(SolutionProperties) = preSolution
		HideSolutionNode = FALSE
	EndGlobalSection
	GlobalSection(ExtensibilityGlobals) = postSolution
		SolutionGuid = {053B7948-52A7-429B-AE41-8C44BFC70F33}
	EndGlobalSection
EndGlobal
