
Microsoft Visual Studio Solution File, Format Version 12.00
# Visual Studio Version 17
VisualStudioVersion = 17.3.32929.385
MinimumVisualStudioVersion = 10.0.40219.1
Project("{9A19103F-16F7-4668-BE54-9A1E7A4F7556}") = "GSEditor", "GSEditor\GSEditor.csproj", "{75CE283A-AF22-4AE9-B60E-C1EFE0FDB30C}"
EndProject
Global
	GlobalSection(SolutionConfigurationPlatforms) = preSolution
		Debug|x86 = Debug|x86
		Release|x86 = Release|x86
	EndGlobalSection
	GlobalSection(ProjectConfigurationPlatforms) = postSolution
		{75CE283A-AF22-4AE9-B60E-C1EFE0FDB30C}.Debug|x86.ActiveCfg = Debug|x86
		{75CE283A-AF22-4AE9-B60E-C1EFE0FDB30C}.Debug|x86.Build.0 = Debug|x86
		{75CE283A-AF22-4AE9-B60E-C1EFE0FDB30C}.Release|x86.ActiveCfg = Release|x86
		{75CE283A-AF22-4AE9-B60E-C1EFE0FDB30C}.Release|x86.Build.0 = Release|x86
	EndGlobalSection
	GlobalSection(SolutionProperties) = preSolution
		HideSolutionNode = FALSE
	EndGlobalSection
	GlobalSection(ExtensibilityGlobals) = postSolution
		SolutionGuid = {053B7948-52A7-429B-AE41-8C44BFC70F33}
	EndGlobalSection
EndGlobal
